
Microsoft Visual Studio Solution File, Format Version 12.00
# Visual Studio Version 17
VisualStudioVersion = 17.7.34031.279
MinimumVisualStudioVersion = 10.0.40219.1
Project("{FAE04EC0-301F-11D3-BF4B-00C04F79EFBC}") = "InternationalApi", "InternationalApi.csproj", "{29ADD01E-0761-4024-A19B-8082E17ED662}"
EndProject
Global
	GlobalSection(SolutionConfigurationPlatforms) = preSolution
		Debug|Any CPU = Debug|Any CPU
		Release|Any CPU = Release|Any CPU
	EndGlobalSection
	GlobalSection(ProjectConfigurationPlatforms) = postSolution
		{29ADD01E-0761-4024-A19B-8082E17ED662}.Debug|Any CPU.ActiveCfg = Debug|Any CPU
		{29ADD01E-0761-4024-A19B-8082E17ED662}.Debug|Any CPU.Build.0 = Debug|Any CPU
		{29ADD01E-0761-4024-A19B-8082E17ED662}.Release|Any CPU.ActiveCfg = Release|Any CPU
		{29ADD01E-0761-4024-A19B-8082E17ED662}.Release|Any CPU.Build.0 = Release|Any CPU
	EndGlobalSection
	GlobalSection(SolutionProperties) = preSolution
		HideSolutionNode = FALSE
	EndGlobalSection
	GlobalSection(ExtensibilityGlobals) = postSolution
		SolutionGuid = {4CCAD4DB-EE71-47B9-BB16-6E14C3696A7C}
	EndGlobalSection
EndGlobal
