
Microsoft Visual Studio Solution File, Format Version 12.00
# Visual Studio Version 17
VisualStudioVersion = 17.7.34031.279
MinimumVisualStudioVersion = 10.0.40219.1
Project("{9A19103F-16F7-4668-BE54-9A1E7A4F7556}") = "collegeBackEnd", "collegeBackEnd.csproj", "{7AC42A19-AAA2-403F-872A-96D625977487}"
EndProject
Project("{FAE04EC0-301F-11D3-BF4B-00C04F79EFBC}") = "LinqSnippets", "..\LinqSnippets\LinqSnippets.csproj", "{72CE40C4-55C5-4F8A-8E4C-B1090F4055FB}"
EndProject
Global
	GlobalSection(SolutionConfigurationPlatforms) = preSolution
		Debug|Any CPU = Debug|Any CPU
		Release|Any CPU = Release|Any CPU
	EndGlobalSection
	GlobalSection(ProjectConfigurationPlatforms) = postSolution
		{7AC42A19-AAA2-403F-872A-96D625977487}.Debug|Any CPU.ActiveCfg = Debug|Any CPU
		{7AC42A19-AAA2-403F-872A-96D625977487}.Debug|Any CPU.Build.0 = Debug|Any CPU
		{7AC42A19-AAA2-403F-872A-96D625977487}.Release|Any CPU.ActiveCfg = Release|Any CPU
		{7AC42A19-AAA2-403F-872A-96D625977487}.Release|Any CPU.Build.0 = Release|Any CPU
		{72CE40C4-55C5-4F8A-8E4C-B1090F4055FB}.Debug|Any CPU.ActiveCfg = Debug|Any CPU
		{72CE40C4-55C5-4F8A-8E4C-B1090F4055FB}.Debug|Any CPU.Build.0 = Debug|Any CPU
		{72CE40C4-55C5-4F8A-8E4C-B1090F4055FB}.Release|Any CPU.ActiveCfg = Release|Any CPU
		{72CE40C4-55C5-4F8A-8E4C-B1090F4055FB}.Release|Any CPU.Build.0 = Release|Any CPU
	EndGlobalSection
	GlobalSection(SolutionProperties) = preSolution
		HideSolutionNode = FALSE
	EndGlobalSection
	GlobalSection(ExtensibilityGlobals) = postSolution
		SolutionGuid = {5E0DE3EF-1E6E-41A8-98B7-0AE5F2091E51}
	EndGlobalSection
EndGlobal
